// !$*UTF8*$!
{
	archiveVersion = 1;
	classes = {
	};
	objectVersion = 56;
	objects = {

/* Begin PBXBuildFile section */
		DBCA397C2C351E3400804928 /* DEMO_APPApp.swift in Sources */ = {isa = PBXBuildFile; fileRef = DBCA397B2C351E3400804928 /* DEMO_APPApp.swift */; };
		DBCA397E2C351E3400804928 /* ContentView.swift in Sources */ = {isa = PBXBuildFile; fileRef = DBCA397D2C351E3400804928 /* ContentView.swift */; };
		DBCA39802C351E3600804928 /* Assets.xcassets in Resources */ = {isa = PBXBuildFile; fileRef = DBCA397F2C351E3600804928 /* Assets.xcassets */; };
		DBCA39832C351E3600804928 /* Preview Assets.xcassets in Resources */ = {isa = PBXBuildFile; fileRef = DBCA39822C351E3600804928 /* Preview Assets.xcassets */; };
		DBCA398D2C351E3700804928 /* DEMO_APPTests.swift in Sources */ = {isa = PBXBuildFile; fileRef = DBCA398C2C351E3700804928 /* DEMO_APPTests.swift */; };
		DBCA39972C351E3700804928 /* DEMO_APPUITests.swift in Sources */ = {isa = PBXBuildFile; fileRef = DBCA39962C351E3700804928 /* DEMO_APPUITests.swift */; };
		DBCA39992C351E3700804928 /* DEMO_APPUITestsLaunchTests.swift in Sources */ = {isa = PBXBuildFile; fileRef = DBCA39982C351E3700804928 /* DEMO_APPUITestsLaunchTests.swift */; };
/* End PBXBuildFile section */

/* Begin PBXContainerItemProxy section */
		DBCA39892C351E3700804928 /* PBXContainerItemProxy */ = {
			isa = PBXContainerItemProxy;
			containerPortal = DBCA39702C351E3400804928 /* Project object */;
			proxyType = 1;
			remoteGlobalIDString = DBCA39772C351E3400804928;
			remoteInfo = "DEMO APP";
		};
		DBCA39932C351E3700804928 /* PBXContainerItemProxy */ = {
			isa = PBXContainerItemProxy;
			containerPortal = DBCA39702C351E3400804928 /* Project object */;
			proxyType = 1;
			remoteGlobalIDString = DBCA39772C351E3400804928;
			remoteInfo = "DEMO APP";
		};
/* End PBXContainerItemProxy section */

/* Begin PBXFileReference section */
		DBCA39782C351E3400804928 /* DEMO APP.app */ = {isa = PBXFileReference; explicitFileType = wrapper.application; includeInIndex = 0; path = "DEMO APP.app"; sourceTree = BUILT_PRODUCTS_DIR; };
		DBCA397B2C351E3400804928 /* DEMO_APPApp.swift */ = {isa = PBXFileReference; lastKnownFileType = sourcecode.swift; path = DEMO_APPApp.swift; sourceTree = "<group>"; };
		DBCA397D2C351E3400804928 /* ContentView.swift */ = {isa = PBXFileReference; lastKnownFileType = sourcecode.swift; path = ContentView.swift; sourceTree = "<group>"; };
		DBCA397F2C351E3600804928 /* Assets.xcassets */ = {isa = PBXFileReference; lastKnownFileType = folder.assetcatalog; path = Assets.xcassets; sourceTree = "<group>"; };
		DBCA39822C351E3600804928 /* Preview Assets.xcassets */ = {isa = PBXFileReference; lastKnownFileType = folder.assetcatalog; path = "Preview Assets.xcassets"; sourceTree = "<group>"; };
		DBCA39882C351E3700804928 /* DEMO APPTests.xctest */ = {isa = PBXFileReference; explicitFileType = wrapper.cfbundle; includeInIndex = 0; path = "DEMO APPTests.xctest"; sourceTree = BUILT_PRODUCTS_DIR; };
		DBCA398C2C351E3700804928 /* DEMO_APPTests.swift */ = {isa = PBXFileReference; lastKnownFileType = sourcecode.swift; path = DEMO_APPTests.swift; sourceTree = "<group>"; };
		DBCA39922C351E3700804928 /* DEMO APPUITests.xctest */ = {isa = PBXFileReference; explicitFileType = wrapper.cfbundle; includeInIndex = 0; path = "DEMO APPUITests.xctest"; sourceTree = BUILT_PRODUCTS_DIR; };
		DBCA39962C351E3700804928 /* DEMO_APPUITests.swift */ = {isa = PBXFileReference; lastKnownFileType = sourcecode.swift; path = DEMO_APPUITests.swift; sourceTree = "<group>"; };
		DBCA39982C351E3700804928 /* DEMO_APPUITestsLaunchTests.swift */ = {isa = PBXFileReference; lastKnownFileType = sourcecode.swift; path = DEMO_APPUITestsLaunchTests.swift; sourceTree = "<group>"; };
/* End PBXFileReference section */

/* Begin PBXFrameworksBuildPhase section */
		DBCA39752C351E3400804928 /* Frameworks */ = {
			isa = PBXFrameworksBuildPhase;
			buildActionMask = 2147483647;
			files = (
			);
			runOnlyForDeploymentPostprocessing = 0;
		};
		DBCA39852C351E3700804928 /* Frameworks */ = {
			isa = PBXFrameworksBuildPhase;
			buildActionMask = 2147483647;
			files = (
			);
			runOnlyForDeploymentPostprocessing = 0;
		};
		DBCA398F2C351E3700804928 /* Frameworks */ = {
			isa = PBXFrameworksBuildPhase;
			buildActionMask = 2147483647;
			files = (
			);
			runOnlyForDeploymentPostprocessing = 0;
		};
/* End PBXFrameworksBuildPhase section */

/* Begin PBXGroup section */
		DBCA396F2C351E3400804928 = {
			isa = PBXGroup;
			children = (
				DBCA397A2C351E3400804928 /* DEMO APP */,
				DBCA398B2C351E3700804928 /* DEMO APPTests */,
				DBCA39952C351E3700804928 /* DEMO APPUITests */,
				DBCA39792C351E3400804928 /* Products */,
			);
			sourceTree = "<group>";
		};
		DBCA39792C351E3400804928 /* Products */ = {
			isa = PBXGroup;
			children = (
				DBCA39782C351E3400804928 /* DEMO APP.app */,
				DBCA39882C351E3700804928 /* DEMO APPTests.xctest */,
				DBCA39922C351E3700804928 /* DEMO APPUITests.xctest */,
			);
			name = Products;
			sourceTree = "<group>";
		};
		DBCA397A2C351E3400804928 /* DEMO APP */ = {
			isa = PBXGroup;
			children = (
				DBCA397B2C351E3400804928 /* DEMO_APPApp.swift */,
				DBCA397D2C351E3400804928 /* ContentView.swift */,
				DBCA397F2C351E3600804928 /* Assets.xcassets */,
				DBCA39812C351E3600804928 /* Preview Content */,
			);
			path = "DEMO APP";
			sourceTree = "<group>";
		};
		DBCA39812C351E3600804928 /* Preview Content */ = {
			isa = PBXGroup;
			children = (
				DBCA39822C351E3600804928 /* Preview Assets.xcassets */,
			);
			path = "Preview Content";
			sourceTree = "<group>";
		};
		DBCA398B2C351E3700804928 /* DEMO APPTests */ = {
			isa = PBXGroup;
			children = (
				DBCA398C2C351E3700804928 /* DEMO_APPTests.swift */,
			);
			path = "DEMO APPTests";
			sourceTree = "<group>";
		};
		DBCA39952C351E3700804928 /* DEMO APPUITests */ = {
			isa = PBXGroup;
			children = (
				DBCA39962C351E3700804928 /* DEMO_APPUITests.swift */,
				DBCA39982C351E3700804928 /* DEMO_APPUITestsLaunchTests.swift */,
			);
			path = "DEMO APPUITests";
			sourceTree = "<group>";
		};
/* End PBXGroup section */

/* Begin PBXNativeTarget section */
		DBCA39772C351E3400804928 /* DEMO APP */ = {
			isa = PBXNativeTarget;
			buildConfigurationList = DBCA399C2C351E3700804928 /* Build configuration list for PBXNativeTarget "DEMO APP" */;
			buildPhases = (
				DBCA39742C351E3400804928 /* Sources */,
				DBCA39752C351E3400804928 /* Frameworks */,
				DBCA39762C351E3400804928 /* Resources */,
			);
			buildRules = (
			);
			dependencies = (
			);
			name = "DEMO APP";
			productName = "DEMO APP";
			productReference = DBCA39782C351E3400804928 /* DEMO APP.app */;
			productType = "com.apple.product-type.application";
		};
		DBCA39872C351E3700804928 /* DEMO APPTests */ = {
			isa = PBXNativeTarget;
			buildConfigurationList = DBCA399F2C351E3700804928 /* Build configuration list for PBXNativeTarget "DEMO APPTests" */;
			buildPhases = (
				DBCA39842C351E3700804928 /* Sources */,
				DBCA39852C351E3700804928 /* Frameworks */,
				DBCA39862C351E3700804928 /* Resources */,
			);
			buildRules = (
			);
			dependencies = (
				DBCA398A2C351E3700804928 /* PBXTargetDependency */,
			);
			name = "DEMO APPTests";
			productName = "DEMO APPTests";
			productReference = DBCA39882C351E3700804928 /* DEMO APPTests.xctest */;
			productType = "com.apple.product-type.bundle.unit-test";
		};
		DBCA39912C351E3700804928 /* DEMO APPUITests */ = {
			isa = PBXNativeTarget;
			buildConfigurationList = DBCA39A22C351E3700804928 /* Build configuration list for PBXNativeTarget "DEMO APPUITests" */;
			buildPhases = (
				DBCA398E2C351E3700804928 /* Sources */,
				DBCA398F2C351E3700804928 /* Frameworks */,
				DBCA39902C351E3700804928 /* Resources */,
			);
			buildRules = (
			);
			dependencies = (
				DBCA39942C351E3700804928 /* PBXTargetDependency */,
			);
			name = "DEMO APPUITests";
			productName = "DEMO APPUITests";
			productReference = DBCA39922C351E3700804928 /* DEMO APPUITests.xctest */;
			productType = "com.apple.product-type.bundle.ui-testing";
		};
/* End PBXNativeTarget section */

/* Begin PBXProject section */
		DBCA39702C351E3400804928 /* Project object */ = {
			isa = PBXProject;
			attributes = {
				BuildIndependentTargetsInParallel = 1;
				LastSwiftUpdateCheck = 1530;
				LastUpgradeCheck = 1530;
				TargetAttributes = {
					DBCA39772C351E3400804928 = {
						CreatedOnToolsVersion = 15.3;
					};
					DBCA39872C351E3700804928 = {
						CreatedOnToolsVersion = 15.3;
						TestTargetID = DBCA39772C351E3400804928;
					};
					DBCA39912C351E3700804928 = {
						CreatedOnToolsVersion = 15.3;
						TestTargetID = DBCA39772C351E3400804928;
					};
				};
			};
			buildConfigurationList = DBCA39732C351E3400804928 /* Build configuration list for PBXProject "DEMO APP" */;
			compatibilityVersion = "Xcode 14.0";
			developmentRegion = en;
			hasScannedForEncodings = 0;
			knownRegions = (
				en,
				Base,
			);
			mainGroup = DBCA396F2C351E3400804928;
			productRefGroup = DBCA39792C351E3400804928 /* Products */;
			projectDirPath = "";
			projectRoot = "";
			targets = (
				DBCA39772C351E3400804928 /* DEMO APP */,
				DBCA39872C351E3700804928 /* DEMO APPTests */,
				DBCA39912C351E3700804928 /* DEMO APPUITests */,
			);
		};
/* End PBXProject section */

/* Begin PBXResourcesBuildPhase section */
		DBCA39762C351E3400804928 /* Resources */ = {
			isa = PBXResourcesBuildPhase;
			buildActionMask = 2147483647;
			files = (
				DBCA39832C351E3600804928 /* Preview Assets.xcassets in Resources */,
				DBCA39802C351E3600804928 /* Assets.xcassets in Resources */,
			);
			runOnlyForDeploymentPostprocessing = 0;
		};
		DBCA39862C351E3700804928 /* Resources */ = {
			isa = PBXResourcesBuildPhase;
			buildActionMask = 2147483647;
			files = (
			);
			runOnlyForDeploymentPostprocessing = 0;
		};
		DBCA39902C351E3700804928 /* Resources */ = {
			isa = PBXResourcesBuildPhase;
			buildActionMask = 2147483647;
			files = (
			);
			runOnlyForDeploymentPostprocessing = 0;
		};
/* End PBXResourcesBuildPhase section */

/* Begin PBXSourcesBuildPhase section */
		DBCA39742C351E3400804928 /* Sources */ = {
			isa = PBXSourcesBuildPhase;
			buildActionMask = 2147483647;
			files = (
				DBCA397E2C351E3400804928 /* ContentView.swift in Sources */,
				DBCA397C2C351E3400804928 /* DEMO_APPApp.swift in Sources */,
			);
			runOnlyForDeploymentPostprocessing = 0;
		};
		DBCA39842C351E3700804928 /* Sources */ = {
			isa = PBXSourcesBuildPhase;
			buildActionMask = 2147483647;
			files = (
				DBCA398D2C351E3700804928 /* DEMO_APPTests.swift in Sources */,
			);
			runOnlyForDeploymentPostprocessing = 0;
		};
		DBCA398E2C351E3700804928 /* Sources */ = {
			isa = PBXSourcesBuildPhase;
			buildActionMask = 2147483647;
			files = (
				DBCA39992C351E3700804928 /* DEMO_APPUITestsLaunchTests.swift in Sources */,
				DBCA39972C351E3700804928 /* DEMO_APPUITests.swift in Sources */,
			);
			runOnlyForDeploymentPostprocessing = 0;
		};
/* End PBXSourcesBuildPhase section */

/* Begin PBXTargetDependency section */
		DBCA398A2C351E3700804928 /* PBXTargetDependency */ = {
			isa = PBXTargetDependency;
			target = DBCA39772C351E3400804928 /* DEMO APP */;
			targetProxy = DBCA39892C351E3700804928 /* PBXContainerItemProxy */;
		};
		DBCA39942C351E3700804928 /* PBXTargetDependency */ = {
			isa = PBXTargetDependency;
			target = DBCA39772C351E3400804928 /* DEMO APP */;
			targetProxy = DBCA39932C351E3700804928 /* PBXContainerItemProxy */;
		};
/* End PBXTargetDependency section */

/* Begin XCBuildConfiguration section */
		DBCA399A2C351E3700804928 /* Debug */ = {
			isa = XCBuildConfiguration;
			buildSettings = {
				ALWAYS_SEARCH_USER_PATHS = NO;
				ASSETCATALOG_COMPILER_GENERATE_SWIFT_ASSET_SYMBOL_EXTENSIONS = YES;
				CLANG_ANALYZER_NONNULL = YES;
				CLANG_ANALYZER_NUMBER_OBJECT_CONVERSION = YES_AGGRESSIVE;
				CLANG_CXX_LANGUAGE_STANDARD = "gnu++20";
				CLANG_ENABLE_MODULES = YES;
				CLANG_ENABLE_OBJC_ARC = YES;
				CLANG_ENABLE_OBJC_WEAK = YES;
				CLANG_WARN_BLOCK_CAPTURE_AUTORELEASING = YES;
				CLANG_WARN_BOOL_CONVERSION = YES;
				CLANG_WARN_COMMA = YES;
				CLANG_WARN_CONSTANT_CONVERSION = YES;
				CLANG_WARN_DEPRECATED_OBJC_IMPLEMENTATIONS = YES;
				CLANG_WARN_DIRECT_OBJC_ISA_USAGE = YES_ERROR;
				CLANG_WARN_DOCUMENTATION_COMMENTS = YES;
				CLANG_WARN_EMPTY_BODY = YES;
				CLANG_WARN_ENUM_CONVERSION = YES;
				CLANG_WARN_INFINITE_RECURSION = YES;
				CLANG_WARN_INT_CONVERSION = YES;
				CLANG_WARN_NON_LITERAL_NULL_CONVERSION = YES;
				CLANG_WARN_OBJC_IMPLICIT_RETAIN_SELF = YES;
				CLANG_WARN_OBJC_LITERAL_CONVERSION = YES;
				CLANG_WARN_OBJC_ROOT_CLASS = YES_ERROR;
				CLANG_WARN_QUOTED_INCLUDE_IN_FRAMEWORK_HEADER = YES;
				CLANG_WARN_RANGE_LOOP_ANALYSIS = YES;
				CLANG_WARN_STRICT_PROTOTYPES = YES;
				CLANG_WARN_SUSPICIOUS_MOVE = YES;
				CLANG_WARN_UNGUARDED_AVAILABILITY = YES_AGGRESSIVE;
				CLANG_WARN_UNREACHABLE_CODE = YES;
				CLANG_WARN__DUPLICATE_METHOD_MATCH = YES;
				COPY_PHASE_STRIP = NO;
				DEBUG_INFORMATION_FORMAT = dwarf;
				ENABLE_STRICT_OBJC_MSGSEND = YES;
				ENABLE_TESTABILITY = YES;
				ENABLE_USER_SCRIPT_SANDBOXING = YES;
				GCC_C_LANGUAGE_STANDARD = gnu17;
				GCC_DYNAMIC_NO_PIC = NO;
				GCC_NO_COMMON_BLOCKS = YES;
				GCC_OPTIMIZATION_LEVEL = 0;
				GCC_PREPROCESSOR_DEFINITIONS = (
					"DEBUG=1",
					"$(inherited)",
				);
				GCC_WARN_64_TO_32_BIT_CONVERSION = YES;
				GCC_WARN_ABOUT_RETURN_TYPE = YES_ERROR;
				GCC_WARN_UNDECLARED_SELECTOR = YES;
				GCC_WARN_UNINITIALIZED_AUTOS = YES_AGGRESSIVE;
				GCC_WARN_UNUSED_FUNCTION = YES;
				GCC_WARN_UNUSED_VARIABLE = YES;
				IPHONEOS_DEPLOYMENT_TARGET = 17.4;
				LOCALIZATION_PREFERS_STRING_CATALOGS = YES;
				MTL_ENABLE_DEBUG_INFO = INCLUDE_SOURCE;
				MTL_FAST_MATH = YES;
				ONLY_ACTIVE_ARCH = YES;
				SDKROOT = iphoneos;
				SWIFT_ACTIVE_COMPILATION_CONDITIONS = "DEBUG $(inherited)";
				SWIFT_OPTIMIZATION_LEVEL = "-Onone";
			};
			name = Debug;
		};
		DBCA399B2C351E3700804928 /* Release */ = {
			isa = XCBuildConfiguration;
			buildSettings = {
				ALWAYS_SEARCH_USER_PATHS = NO;
				ASSETCATALOG_COMPILER_GENERATE_SWIFT_ASSET_SYMBOL_EXTENSIONS = YES;
				CLANG_ANALYZER_NONNULL = YES;
				CLANG_ANALYZER_NUMBER_OBJECT_CONVERSION = YES_AGGRESSIVE;
				CLANG_CXX_LANGUAGE_STANDARD = "gnu++20";
				CLANG_ENABLE_MODULES = YES;
				CLANG_ENABLE_OBJC_ARC = YES;
				CLANG_ENABLE_OBJC_WEAK = YES;
				CLANG_WARN_BLOCK_CAPTURE_AUTORELEASING = YES;
				CLANG_WARN_BOOL_CONVERSION = YES;
				CLANG_WARN_COMMA = YES;
				CLANG_WARN_CONSTANT_CONVERSION = YES;
				CLANG_WARN_DEPRECATED_OBJC_IMPLEMENTATIONS = YES;
				CLANG_WARN_DIRECT_OBJC_ISA_USAGE = YES_ERROR;
				CLANG_WARN_DOCUMENTATION_COMMENTS = YES;
				CLANG_WARN_EMPTY_BODY = YES;
				CLANG_WARN_ENUM_CONVERSION = YES;
				CLANG_WARN_INFINITE_RECURSION = YES;
				CLANG_WARN_INT_CONVERSION = YES;
				CLANG_WARN_NON_LITERAL_NULL_CONVERSION = YES;
				CLANG_WARN_OBJC_IMPLICIT_RETAIN_SELF = YES;
				CLANG_WARN_OBJC_LITERAL_CONVERSION = YES;
				CLANG_WARN_OBJC_ROOT_CLASS = YES_ERROR;
				CLANG_WARN_QUOTED_INCLUDE_IN_FRAMEWORK_HEADER = YES;
				CLANG_WARN_RANGE_LOOP_ANALYSIS = YES;
				CLANG_WARN_STRICT_PROTOTYPES = YES;
				CLANG_WARN_SUSPICIOUS_MOVE = YES;
				CLANG_WARN_UNGUARDED_AVAILABILITY = YES_AGGRESSIVE;
				CLANG_WARN_UNREACHABLE_CODE = YES;
				CLANG_WARN__DUPLICATE_METHOD_MATCH = YES;
				COPY_PHASE_STRIP = NO;
				DEBUG_INFORMATION_FORMAT = "dwarf-with-dsym";
				ENABLE_NS_ASSERTIONS = NO;
				ENABLE_STRICT_OBJC_MSGSEND = YES;
				ENABLE_USER_SCRIPT_SANDBOXING = YES;
				GCC_C_LANGUAGE_STANDARD = gnu17;
				GCC_NO_COMMON_BLOCKS = YES;
				GCC_WARN_64_TO_32_BIT_CONVERSION = YES;
				GCC_WARN_ABOUT_RETURN_TYPE = YES_ERROR;
				GCC_WARN_UNDECLARED_SELECTOR = YES;
				GCC_WARN_UNINITIALIZED_AUTOS = YES_AGGRESSIVE;
				GCC_WARN_UNUSED_FUNCTION = YES;
				GCC_WARN_UNUSED_VARIABLE = YES;
				IPHONEOS_DEPLOYMENT_TARGET = 17.4;
				LOCALIZATION_PREFERS_STRING_CATALOGS = YES;
				MTL_ENABLE_DEBUG_INFO = NO;
				MTL_FAST_MATH = YES;
				SDKROOT = iphoneos;
				SWIFT_COMPILATION_MODE = wholemodule;
				VALIDATE_PRODUCT = YES;
			};
			name = Release;
		};
		DBCA399D2C351E3700804928 /* Debug */ = {
			isa = XCBuildConfiguration;
			buildSettings = {
				ASSETCATALOG_COMPILER_APPICON_NAME = AppIcon;
				ASSETCATALOG_COMPILER_GLOBAL_ACCENT_COLOR_NAME = AccentColor;
				CODE_SIGN_STYLE = Automatic;
				CURRENT_PROJECT_VERSION = 1;
				DEVELOPMENT_ASSET_PATHS = "\"DEMO APP/Preview Content\"";
				ENABLE_PREVIEWS = YES;
				GENERATE_INFOPLIST_FILE = YES;
				INFOPLIST_KEY_UIApplicationSceneManifest_Generation = YES;
				INFOPLIST_KEY_UIApplicationSupportsIndirectInputEvents = YES;
				INFOPLIST_KEY_UILaunchScreen_Generation = YES;
				INFOPLIST_KEY_UISupportedInterfaceOrientations_iPad = "UIInterfaceOrientationPortrait UIInterfaceOrientationPortraitUpsideDown UIInterfaceOrientationLandscapeLeft UIInterfaceOrientationLandscapeRight";
				INFOPLIST_KEY_UISupportedInterfaceOrientations_iPhone = "UIInterfaceOrientationPortrait UIInterfaceOrientationLandscapeLeft UIInterfaceOrientationLandscapeRight";
				LD_RUNPATH_SEARCH_PATHS = (
					"$(inherited)",
					"@executable_path/Frameworks",
				);
				MARKETING_VERSION = 1.0;
				PRODUCT_BUNDLE_IDENTIFIER = "M.DEMO-APP";
				PRODUCT_NAME = "$(TARGET_NAME)";
				SWIFT_EMIT_LOC_STRINGS = YES;
				SWIFT_VERSION = 5.0;
				TARGETED_DEVICE_FAMILY = "1,2";
			};
			name = Debug;
		};
		DBCA399E2C351E3700804928 /* Release */ = {
			isa = XCBuildConfiguration;
			buildSettings = {
				ASSETCATALOG_COMPILER_APPICON_NAME = AppIcon;
				ASSETCATALOG_COMPILER_GLOBAL_ACCENT_COLOR_NAME = AccentColor;
				CODE_SIGN_STYLE = Automatic;
				CURRENT_PROJECT_VERSION = 1;
				DEVELOPMENT_ASSET_PATHS = "\"DEMO APP/Preview Content\"";
				ENABLE_PREVIEWS = YES;
				GENERATE_INFOPLIST_FILE = YES;
				INFOPLIST_KEY_UIApplicationSceneManifest_Generation = YES;
				INFOPLIST_KEY_UIApplicationSupportsIndirectInputEvents = YES;
				INFOPLIST_KEY_UILaunchScreen_Generation = YES;
				INFOPLIST_KEY_UISupportedInterfaceOrientations_iPad = "UIInterfaceOrientationPortrait UIInterfaceOrientationPortraitUpsideDown UIInterfaceOrientationLandscapeLeft UIInterfaceOrientationLandscapeRight";
				INFOPLIST_KEY_UISupportedInterfaceOrientations_iPhone = "UIInterfaceOrientationPortrait UIInterfaceOrientationLandscapeLeft UIInterfaceOrientationLandscapeRight";
				LD_RUNPATH_SEARCH_PATHS = (
					"$(inherited)",
					"@executable_path/Frameworks",
				);
				MARKETING_VERSION = 1.0;
				PRODUCT_BUNDLE_IDENTIFIER = "M.DEMO-APP";
				PRODUCT_NAME = "$(TARGET_NAME)";
				SWIFT_EMIT_LOC_STRINGS = YES;
				SWIFT_VERSION = 5.0;
				TARGETED_DEVICE_FAMILY = "1,2";
			};
			name = Release;
		};
		DBCA39A02C351E3700804928 /* Debug */ = {
			isa = XCBuildConfiguration;
			buildSettings = {
				ALWAYS_EMBED_SWIFT_STANDARD_LIBRARIES = YES;
				BUNDLE_LOADER = "$(TEST_HOST)";
				CODE_SIGN_STYLE = Automatic;
				CURRENT_PROJECT_VERSION = 1;
				GENERATE_INFOPLIST_FILE = YES;
				IPHONEOS_DEPLOYMENT_TARGET = 17.4;
				MARKETING_VERSION = 1.0;
				PRODUCT_BUNDLE_IDENTIFIER = "M.DEMO-APPTests";
				PRODUCT_NAME = "$(TARGET_NAME)";
				SWIFT_EMIT_LOC_STRINGS = NO;
				SWIFT_VERSION = 5.0;
				TARGETED_DEVICE_FAMILY = "1,2";
				TEST_HOST = "$(BUILT_PRODUCTS_DIR)/DEMO APP.app/$(BUNDLE_EXECUTABLE_FOLDER_PATH)/DEMO APP";
			};
			name = Debug;
		};
		DBCA39A12C351E3700804928 /* Release */ = {
			isa = XCBuildConfiguration;
			buildSettings = {
				ALWAYS_EMBED_SWIFT_STANDARD_LIBRARIES = YES;
				BUNDLE_LOADER = "$(TEST_HOST)";
				CODE_SIGN_STYLE = Automatic;
				CURRENT_PROJECT_VERSION = 1;
				GENERATE_INFOPLIST_FILE = YES;
				IPHONEOS_DEPLOYMENT_TARGET = 17.4;
				MARKETING_VERSION = 1.0;
				PRODUCT_BUNDLE_IDENTIFIER = "M.DEMO-APPTests";
				PRODUCT_NAME = "$(TARGET_NAME)";
				SWIFT_EMIT_LOC_STRINGS = NO;
				SWIFT_VERSION = 5.0;
				TARGETED_DEVICE_FAMILY = "1,2";
				TEST_HOST = "$(BUILT_PRODUCTS_DIR)/DEMO APP.app/$(BUNDLE_EXECUTABLE_FOLDER_PATH)/DEMO APP";
			};
			name = Release;
		};
		DBCA39A32C351E3700804928 /* Debug */ = {
			isa = XCBuildConfiguration;
			buildSettings = {
				ALWAYS_EMBED_SWIFT_STANDARD_LIBRARIES = YES;
				CODE_SIGN_STYLE = Automatic;
				CURRENT_PROJECT_VERSION = 1;
				GENERATE_INFOPLIST_FILE = YES;
				MARKETING_VERSION = 1.0;
				PRODUCT_BUNDLE_IDENTIFIER = "M.DEMO-APPUITests";
				PRODUCT_NAME = "$(TARGET_NAME)";
				SWIFT_EMIT_LOC_STRINGS = NO;
				SWIFT_VERSION = 5.0;
				TARGETED_DEVICE_FAMILY = "1,2";
				TEST_TARGET_NAME = "DEMO APP";
			};
			name = Debug;
		};
		DBCA39A42C351E3700804928 /* Release */ = {
			isa = XCBuildConfiguration;
			buildSettings = {
				ALWAYS_EMBED_SWIFT_STANDARD_LIBRARIES = YES;
				CODE_SIGN_STYLE = Automatic;
				CURRENT_PROJECT_VERSION = 1;
				GENERATE_INFOPLIST_FILE = YES;
				MARKETING_VERSION = 1.0;
				PRODUCT_BUNDLE_IDENTIFIER = "M.DEMO-APPUITests";
				PRODUCT_NAME = "$(TARGET_NAME)";
				SWIFT_EMIT_LOC_STRINGS = NO;
				SWIFT_VERSION = 5.0;
				TARGETED_DEVICE_FAMILY = "1,2";
				TEST_TARGET_NAME = "DEMO APP";
			};
			name = Release;
		};
/* End XCBuildConfiguration section */

/* Begin XCConfigurationList section */
		DBCA39732C351E3400804928 /* Build configuration list for PBXProject "DEMO APP" */ = {
			isa = XCConfigurationList;
			buildConfigurations = (
				DBCA399A2C351E3700804928 /* Debug */,
				DBCA399B2C351E3700804928 /* Release */,
			);
			defaultConfigurationIsVisible = 0;
			defaultConfigurationName = Release;
		};
		DBCA399C2C351E3700804928 /* Build configuration list for PBXNativeTarget "DEMO APP" */ = {
			isa = XCConfigurationList;
			buildConfigurations = (
				DBCA399D2C351E3700804928 /* Debug */,
				DBCA399E2C351E3700804928 /* Release */,
			);
			defaultConfigurationIsVisible = 0;
			defaultConfigurationName = Release;
		};
		DBCA399F2C351E3700804928 /* Build configuration list for PBXNativeTarget "DEMO APPTests" */ = {
			isa = XCConfigurationList;
			buildConfigurations = (
				DBCA39A02C351E3700804928 /* Debug */,
				DBCA39A12C351E3700804928 /* Release */,
			);
			defaultConfigurationIsVisible = 0;
			defaultConfigurationName = Release;
		};
		DBCA39A22C351E3700804928 /* Build configuration list for PBXNativeTarget "DEMO APPUITests" */ = {
			isa = XCConfigurationList;
			buildConfigurations = (
				DBCA39A32C351E3700804928 /* Debug */,
				DBCA39A42C351E3700804928 /* Release */,
			);
			defaultConfigurationIsVisible = 0;
			defaultConfigurationName = Release;
		};
/* End XCConfigurationList section */
	};
	rootObject = DBCA39702C351E3400804928 /* Project object */;
}
