// !$*UTF8*$!
{
	archiveVersion = 1;
	classes = {
	};
	objectVersion = 56;
	objects = {

/* Begin PBXBuildFile section */
		258AF4612C370544005E3A46 /* FirebaseAuth in Frameworks */ = {isa = PBXBuildFile; productRef = 258AF4602C370544005E3A46 /* FirebaseAuth */; };
		258AF4632C370544005E3A46 /* FirebaseFirestore in Frameworks */ = {isa = PBXBuildFile; productRef = 258AF4622C370544005E3A46 /* FirebaseFirestore */; };
		258AF4652C370544005E3A46 /* FirebaseFirestoreSwift in Frameworks */ = {isa = PBXBuildFile; productRef = 258AF4642C370544005E3A46 /* FirebaseFirestoreSwift */; };
		258AF4672C370544005E3A46 /* FirebaseStorage in Frameworks */ = {isa = PBXBuildFile; productRef = 258AF4662C370544005E3A46 /* FirebaseStorage */; };
		25AE03862C37EDC800B80DD1 /* GoogleService-Info.plist in Resources */ = {isa = PBXBuildFile; fileRef = 25AE03852C37EDC800B80DD1 /* GoogleService-Info.plist */; };
		B70C10422C3EE16F00042FDC /* DoctorDetailView.swift in Sources */ = {isa = PBXBuildFile; fileRef = B70C10412C3EE16F00042FDC /* DoctorDetailView.swift */; };
		B70C10442C3EE18700042FDC /* DoctorCardView.swift in Sources */ = {isa = PBXBuildFile; fileRef = B70C10432C3EE18700042FDC /* DoctorCardView.swift */; };
		B70C10462C3EE19F00042FDC /* Extensions.swift in Sources */ = {isa = PBXBuildFile; fileRef = B70C10452C3EE19F00042FDC /* Extensions.swift */; };
		B70C10482C3EE1B500042FDC /* AddDoctorView.swift in Sources */ = {isa = PBXBuildFile; fileRef = B70C10472C3EE1B500042FDC /* AddDoctorView.swift */; };
		B70C104A2C3EE22A00042FDC /* EditDoctorView.swift in Sources */ = {isa = PBXBuildFile; fileRef = B70C10492C3EE22A00042FDC /* EditDoctorView.swift */; };
		B70C104C2C3EE24C00042FDC /* MultiSelectPicker.swift in Sources */ = {isa = PBXBuildFile; fileRef = B70C104B2C3EE24C00042FDC /* MultiSelectPicker.swift */; };
		B70C10522C41BDB800042FDC /* PatientCardView.swift in Sources */ = {isa = PBXBuildFile; fileRef = B70C10512C41BDB800042FDC /* PatientCardView.swift */; };
		B78F4E082C3BA15A007CF707 /* Data Model.swift in Sources */ = {isa = PBXBuildFile; fileRef = B78F4E072C3BA15A007CF707 /* Data Model.swift */; };
		B78F4E0B2C3BA927007CF707 /* DoctorView.swift in Sources */ = {isa = PBXBuildFile; fileRef = B78F4E0A2C3BA927007CF707 /* DoctorView.swift */; };
		B78F4E0D2C3BDAB7007CF707 /* Data Controller.swift in Sources */ = {isa = PBXBuildFile; fileRef = B78F4E0C2C3BDAB7007CF707 /* Data Controller.swift */; };
		B78F4E102C3BDB07007CF707 /* Patient.swift in Sources */ = {isa = PBXBuildFile; fileRef = B78F4E0F2C3BDB07007CF707 /* Patient.swift */; };
		B78F4E122C3BDB2A007CF707 /* RevenueView.swift in Sources */ = {isa = PBXBuildFile; fileRef = B78F4E112C3BDB2A007CF707 /* RevenueView.swift */; };
		B78F4E142C3BDB3F007CF707 /* PricingView.swift in Sources */ = {isa = PBXBuildFile; fileRef = B78F4E132C3BDB3F007CF707 /* PricingView.swift */; };
		B78F4E162C3BDB57007CF707 /* AppointmentView.swift in Sources */ = {isa = PBXBuildFile; fileRef = B78F4E152C3BDB57007CF707 /* AppointmentView.swift */; };
		B78F4E182C3BDB69007CF707 /* RequestView.swift in Sources */ = {isa = PBXBuildFile; fileRef = B78F4E172C3BDB69007CF707 /* RequestView.swift */; };
		B78F4E1A2C3BDBAF007CF707 /* ProfileView.swift in Sources */ = {isa = PBXBuildFile; fileRef = B78F4E192C3BDBAF007CF707 /* ProfileView.swift */; };
		B78F4E1C2C3BDBC0007CF707 /* OverviewView.swift in Sources */ = {isa = PBXBuildFile; fileRef = B78F4E1B2C3BDBC0007CF707 /* OverviewView.swift */; };
		B78F4E202C3BE266007CF707 /* LoginMain.swift in Sources */ = {isa = PBXBuildFile; fileRef = B78F4E1F2C3BE266007CF707 /* LoginMain.swift */; };
		B78F4E222C3BE2DE007CF707 /* forgotPassword.swift in Sources */ = {isa = PBXBuildFile; fileRef = B78F4E212C3BE2DE007CF707 /* forgotPassword.swift */; };
		B78F4E262C3BECD8007CF707 /* AddPricing.swift in Sources */ = {isa = PBXBuildFile; fileRef = B78F4E252C3BECD8007CF707 /* AddPricing.swift */; };
		B78F4E282C3BECF5007CF707 /* EditPricing.swift in Sources */ = {isa = PBXBuildFile; fileRef = B78F4E272C3BECF4007CF707 /* EditPricing.swift */; };
		DBCA397C2C351E3400804928 /* DEMO_APPApp.swift in Sources */ = {isa = PBXBuildFile; fileRef = DBCA397B2C351E3400804928 /* DEMO_APPApp.swift */; };
		DBCA397E2C351E3400804928 /* ContentView.swift in Sources */ = {isa = PBXBuildFile; fileRef = DBCA397D2C351E3400804928 /* ContentView.swift */; };
		DBCA39802C351E3600804928 /* Assets.xcassets in Resources */ = {isa = PBXBuildFile; fileRef = DBCA397F2C351E3600804928 /* Assets.xcassets */; };
		DBCA398D2C351E3700804928 /* DEMO_APPTests.swift in Sources */ = {isa = PBXBuildFile; fileRef = DBCA398C2C351E3700804928 /* DEMO_APPTests.swift */; };
		DBCA39972C351E3700804928 /* DEMO_APPUITests.swift in Sources */ = {isa = PBXBuildFile; fileRef = DBCA39962C351E3700804928 /* DEMO_APPUITests.swift */; };
		DBCA39992C351E3700804928 /* DEMO_APPUITestsLaunchTests.swift in Sources */ = {isa = PBXBuildFile; fileRef = DBCA39982C351E3700804928 /* DEMO_APPUITestsLaunchTests.swift */; };
/* End PBXBuildFile section */

/* Begin PBXContainerItemProxy section */
		DBCA39892C351E3700804928 /* PBXContainerItemProxy */ = {
			isa = PBXContainerItemProxy;
			containerPortal = DBCA39702C351E3400804928 /* Project object */;
			proxyType = 1;
			remoteGlobalIDString = DBCA39772C351E3400804928;
			remoteInfo = "DEMO APP";
		};
		DBCA39932C351E3700804928 /* PBXContainerItemProxy */ = {
			isa = PBXContainerItemProxy;
			containerPortal = DBCA39702C351E3400804928 /* Project object */;
			proxyType = 1;
			remoteGlobalIDString = DBCA39772C351E3400804928;
			remoteInfo = "DEMO APP";
		};
/* End PBXContainerItemProxy section */

/* Begin PBXFileReference section */
		25AE03852C37EDC800B80DD1 /* GoogleService-Info.plist */ = {isa = PBXFileReference; fileEncoding = 4; lastKnownFileType = text.plist.xml; path = "GoogleService-Info.plist"; sourceTree = "<group>"; };
		B70C10412C3EE16F00042FDC /* DoctorDetailView.swift */ = {isa = PBXFileReference; lastKnownFileType = sourcecode.swift; path = DoctorDetailView.swift; sourceTree = "<group>"; };
		B70C10432C3EE18700042FDC /* DoctorCardView.swift */ = {isa = PBXFileReference; lastKnownFileType = sourcecode.swift; path = DoctorCardView.swift; sourceTree = "<group>"; };
		B70C10452C3EE19F00042FDC /* Extensions.swift */ = {isa = PBXFileReference; lastKnownFileType = sourcecode.swift; path = Extensions.swift; sourceTree = "<group>"; };
		B70C10472C3EE1B500042FDC /* AddDoctorView.swift */ = {isa = PBXFileReference; lastKnownFileType = sourcecode.swift; path = AddDoctorView.swift; sourceTree = "<group>"; };
		B70C10492C3EE22A00042FDC /* EditDoctorView.swift */ = {isa = PBXFileReference; lastKnownFileType = sourcecode.swift; path = EditDoctorView.swift; sourceTree = "<group>"; };
		B70C104B2C3EE24C00042FDC /* MultiSelectPicker.swift */ = {isa = PBXFileReference; lastKnownFileType = sourcecode.swift; path = MultiSelectPicker.swift; sourceTree = "<group>"; };
		B70C10512C41BDB800042FDC /* PatientCardView.swift */ = {isa = PBXFileReference; lastKnownFileType = sourcecode.swift; path = PatientCardView.swift; sourceTree = "<group>"; };
		B78F4E072C3BA15A007CF707 /* Data Model.swift */ = {isa = PBXFileReference; lastKnownFileType = sourcecode.swift; path = "Data Model.swift"; sourceTree = "<group>"; };
		B78F4E0A2C3BA927007CF707 /* DoctorView.swift */ = {isa = PBXFileReference; lastKnownFileType = sourcecode.swift; path = DoctorView.swift; sourceTree = "<group>"; };
		B78F4E0C2C3BDAB7007CF707 /* Data Controller.swift */ = {isa = PBXFileReference; lastKnownFileType = sourcecode.swift; path = "Data Controller.swift"; sourceTree = "<group>"; };
		B78F4E0F2C3BDB07007CF707 /* Patient.swift */ = {isa = PBXFileReference; lastKnownFileType = sourcecode.swift; path = Patient.swift; sourceTree = "<group>"; };
		B78F4E112C3BDB2A007CF707 /* RevenueView.swift */ = {isa = PBXFileReference; lastKnownFileType = sourcecode.swift; path = RevenueView.swift; sourceTree = "<group>"; };
		B78F4E132C3BDB3F007CF707 /* PricingView.swift */ = {isa = PBXFileReference; lastKnownFileType = sourcecode.swift; path = PricingView.swift; sourceTree = "<group>"; };
		B78F4E152C3BDB57007CF707 /* AppointmentView.swift */ = {isa = PBXFileReference; lastKnownFileType = sourcecode.swift; path = AppointmentView.swift; sourceTree = "<group>"; };
		B78F4E172C3BDB69007CF707 /* RequestView.swift */ = {isa = PBXFileReference; lastKnownFileType = sourcecode.swift; path = RequestView.swift; sourceTree = "<group>"; };
		B78F4E192C3BDBAF007CF707 /* ProfileView.swift */ = {isa = PBXFileReference; lastKnownFileType = sourcecode.swift; path = ProfileView.swift; sourceTree = "<group>"; };
		B78F4E1B2C3BDBC0007CF707 /* OverviewView.swift */ = {isa = PBXFileReference; lastKnownFileType = sourcecode.swift; path = OverviewView.swift; sourceTree = "<group>"; };
		B78F4E1F2C3BE266007CF707 /* LoginMain.swift */ = {isa = PBXFileReference; lastKnownFileType = sourcecode.swift; path = LoginMain.swift; sourceTree = "<group>"; };
		B78F4E212C3BE2DE007CF707 /* forgotPassword.swift */ = {isa = PBXFileReference; lastKnownFileType = sourcecode.swift; path = forgotPassword.swift; sourceTree = "<group>"; };
		B78F4E252C3BECD8007CF707 /* AddPricing.swift */ = {isa = PBXFileReference; lastKnownFileType = sourcecode.swift; path = AddPricing.swift; sourceTree = "<group>"; };
		B78F4E272C3BECF4007CF707 /* EditPricing.swift */ = {isa = PBXFileReference; lastKnownFileType = sourcecode.swift; path = EditPricing.swift; sourceTree = "<group>"; };
		DBCA39782C351E3400804928 /* DEMO APP.app */ = {isa = PBXFileReference; explicitFileType = wrapper.application; includeInIndex = 0; path = "DEMO APP.app"; sourceTree = BUILT_PRODUCTS_DIR; };
		DBCA397B2C351E3400804928 /* DEMO_APPApp.swift */ = {isa = PBXFileReference; lastKnownFileType = sourcecode.swift; path = DEMO_APPApp.swift; sourceTree = "<group>"; };
		DBCA397D2C351E3400804928 /* ContentView.swift */ = {isa = PBXFileReference; lastKnownFileType = sourcecode.swift; path = ContentView.swift; sourceTree = "<group>"; };
		DBCA397F2C351E3600804928 /* Assets.xcassets */ = {isa = PBXFileReference; lastKnownFileType = folder.assetcatalog; path = Assets.xcassets; sourceTree = "<group>"; };
		DBCA39882C351E3700804928 /* DEMO APPTests.xctest */ = {isa = PBXFileReference; explicitFileType = wrapper.cfbundle; includeInIndex = 0; path = "DEMO APPTests.xctest"; sourceTree = BUILT_PRODUCTS_DIR; };
		DBCA398C2C351E3700804928 /* DEMO_APPTests.swift */ = {isa = PBXFileReference; lastKnownFileType = sourcecode.swift; path = DEMO_APPTests.swift; sourceTree = "<group>"; };
		DBCA39922C351E3700804928 /* DEMO APPUITests.xctest */ = {isa = PBXFileReference; explicitFileType = wrapper.cfbundle; includeInIndex = 0; path = "DEMO APPUITests.xctest"; sourceTree = BUILT_PRODUCTS_DIR; };
		DBCA39962C351E3700804928 /* DEMO_APPUITests.swift */ = {isa = PBXFileReference; lastKnownFileType = sourcecode.swift; path = DEMO_APPUITests.swift; sourceTree = "<group>"; };
		DBCA39982C351E3700804928 /* DEMO_APPUITestsLaunchTests.swift */ = {isa = PBXFileReference; lastKnownFileType = sourcecode.swift; path = DEMO_APPUITestsLaunchTests.swift; sourceTree = "<group>"; };
/* End PBXFileReference section */

/* Begin PBXFrameworksBuildPhase section */
		DBCA39752C351E3400804928 /* Frameworks */ = {
			isa = PBXFrameworksBuildPhase;
			buildActionMask = 2147483647;
			files = (
				258AF4612C370544005E3A46 /* FirebaseAuth in Frameworks */,
				258AF4672C370544005E3A46 /* FirebaseStorage in Frameworks */,
				258AF4632C370544005E3A46 /* FirebaseFirestore in Frameworks */,
				258AF4652C370544005E3A46 /* FirebaseFirestoreSwift in Frameworks */,
			);
			runOnlyForDeploymentPostprocessing = 0;
		};
		DBCA39852C351E3700804928 /* Frameworks */ = {
			isa = PBXFrameworksBuildPhase;
			buildActionMask = 2147483647;
			files = (
			);
			runOnlyForDeploymentPostprocessing = 0;
		};
		DBCA398F2C351E3700804928 /* Frameworks */ = {
			isa = PBXFrameworksBuildPhase;
			buildActionMask = 2147483647;
			files = (
			);
			runOnlyForDeploymentPostprocessing = 0;
		};
/* End PBXFrameworksBuildPhase section */

/* Begin PBXGroup section */
		B78F4E062C3BA146007CF707 /* Data Model */ = {
			isa = PBXGroup;
			children = (
				B78F4E072C3BA15A007CF707 /* Data Model.swift */,
				B78F4E0C2C3BDAB7007CF707 /* Data Controller.swift */,
			);
			path = "Data Model";
			sourceTree = "<group>";
		};
		B78F4E092C3BA1C2007CF707 /* Doctor */ = {
			isa = PBXGroup;
			children = (
				B78F4E0A2C3BA927007CF707 /* DoctorView.swift */,
				B70C10472C3EE1B500042FDC /* AddDoctorView.swift */,
				B70C10412C3EE16F00042FDC /* DoctorDetailView.swift */,
				B70C10432C3EE18700042FDC /* DoctorCardView.swift */,
				B70C10492C3EE22A00042FDC /* EditDoctorView.swift */,
				B70C10452C3EE19F00042FDC /* Extensions.swift */,
				B70C104B2C3EE24C00042FDC /* MultiSelectPicker.swift */,
			);
			path = Doctor;
			sourceTree = "<group>";
		};
		B78F4E0E2C3BDAE8007CF707 /* PATIENT */ = {
			isa = PBXGroup;
			children = (
				B78F4E0F2C3BDB07007CF707 /* Patient.swift */,
				B70C10512C41BDB800042FDC /* PatientCardView.swift */,
			);
			path = PATIENT;
			sourceTree = "<group>";
		};
		B78F4E1E2C3BE244007CF707 /* Login-Logout */ = {
			isa = PBXGroup;
			children = (
				B78F4E1F2C3BE266007CF707 /* LoginMain.swift */,
				B78F4E212C3BE2DE007CF707 /* forgotPassword.swift */,
			);
			path = "Login-Logout";
			sourceTree = "<group>";
		};
		B78F4E242C3BECBD007CF707 /* Pricing */ = {
			isa = PBXGroup;
			children = (
				B78F4E132C3BDB3F007CF707 /* PricingView.swift */,
				B78F4E252C3BECD8007CF707 /* AddPricing.swift */,
				B78F4E272C3BECF4007CF707 /* EditPricing.swift */,
			);
			path = Pricing;
			sourceTree = "<group>";
		};
		DBCA396F2C351E3400804928 = {
			isa = PBXGroup;
			children = (
				25AE03852C37EDC800B80DD1 /* GoogleService-Info.plist */,
				DBCA397A2C351E3400804928 /* DEMO APP */,
				B78F4E112C3BDB2A007CF707 /* RevenueView.swift */,
				B78F4E152C3BDB57007CF707 /* AppointmentView.swift */,
				B78F4E172C3BDB69007CF707 /* RequestView.swift */,
				B78F4E192C3BDBAF007CF707 /* ProfileView.swift */,
				B78F4E1B2C3BDBC0007CF707 /* OverviewView.swift */,
				DBCA397F2C351E3600804928 /* Assets.xcassets */,
				DBCA398B2C351E3700804928 /* DEMO APPTests */,
				DBCA39952C351E3700804928 /* DEMO APPUITests */,
				DBCA39792C351E3400804928 /* Products */,
			);
			sourceTree = "<group>";
		};
		DBCA39792C351E3400804928 /* Products */ = {
			isa = PBXGroup;
			children = (
				DBCA39782C351E3400804928 /* DEMO APP.app */,
				DBCA39882C351E3700804928 /* DEMO APPTests.xctest */,
				DBCA39922C351E3700804928 /* DEMO APPUITests.xctest */,
			);
			name = Products;
			sourceTree = "<group>";
		};
		DBCA397A2C351E3400804928 /* DEMO APP */ = {
			isa = PBXGroup;
			children = (
				DBCA397B2C351E3400804928 /* DEMO_APPApp.swift */,
				DBCA397D2C351E3400804928 /* ContentView.swift */,
				B78F4E1E2C3BE244007CF707 /* Login-Logout */,
				B78F4E062C3BA146007CF707 /* Data Model */,
				B78F4E0E2C3BDAE8007CF707 /* PATIENT */,
				B78F4E092C3BA1C2007CF707 /* Doctor */,
				B78F4E242C3BECBD007CF707 /* Pricing */,
			);
			path = "DEMO APP";
			sourceTree = "<group>";
		};
		DBCA398B2C351E3700804928 /* DEMO APPTests */ = {
			isa = PBXGroup;
			children = (
				DBCA398C2C351E3700804928 /* DEMO_APPTests.swift */,
			);
			path = "DEMO APPTests";
			sourceTree = "<group>";
		};
		DBCA39952C351E3700804928 /* DEMO APPUITests */ = {
			isa = PBXGroup;
			children = (
				DBCA39962C351E3700804928 /* DEMO_APPUITests.swift */,
				DBCA39982C351E3700804928 /* DEMO_APPUITestsLaunchTests.swift */,
			);
			path = "DEMO APPUITests";
			sourceTree = "<group>";
		};
/* End PBXGroup section */

/* Begin PBXNativeTarget section */
		DBCA39772C351E3400804928 /* DEMO APP */ = {
			isa = PBXNativeTarget;
			buildConfigurationList = DBCA399C2C351E3700804928 /* Build configuration list for PBXNativeTarget "DEMO APP" */;
			buildPhases = (
				DBCA39742C351E3400804928 /* Sources */,
				DBCA39752C351E3400804928 /* Frameworks */,
				DBCA39762C351E3400804928 /* Resources */,
			);
			buildRules = (
			);
			dependencies = (
			);
			name = "DEMO APP";
			packageProductDependencies = (
				258AF4602C370544005E3A46 /* FirebaseAuth */,
				258AF4622C370544005E3A46 /* FirebaseFirestore */,
				258AF4642C370544005E3A46 /* FirebaseFirestoreSwift */,
				258AF4662C370544005E3A46 /* FirebaseStorage */,
			);
			productName = "DEMO APP";
			productReference = DBCA39782C351E3400804928 /* DEMO APP.app */;
			productType = "com.apple.product-type.application";
		};
		DBCA39872C351E3700804928 /* DEMO APPTests */ = {
			isa = PBXNativeTarget;
			buildConfigurationList = DBCA399F2C351E3700804928 /* Build configuration list for PBXNativeTarget "DEMO APPTests" */;
			buildPhases = (
				DBCA39842C351E3700804928 /* Sources */,
				DBCA39852C351E3700804928 /* Frameworks */,
				DBCA39862C351E3700804928 /* Resources */,
			);
			buildRules = (
			);
			dependencies = (
				DBCA398A2C351E3700804928 /* PBXTargetDependency */,
			);
			name = "DEMO APPTests";
			productName = "DEMO APPTests";
			productReference = DBCA39882C351E3700804928 /* DEMO APPTests.xctest */;
			productType = "com.apple.product-type.bundle.unit-test";
		};
		DBCA39912C351E3700804928 /* DEMO APPUITests */ = {
			isa = PBXNativeTarget;
			buildConfigurationList = DBCA39A22C351E3700804928 /* Build configuration list for PBXNativeTarget "DEMO APPUITests" */;
			buildPhases = (
				DBCA398E2C351E3700804928 /* Sources */,
				DBCA398F2C351E3700804928 /* Frameworks */,
				DBCA39902C351E3700804928 /* Resources */,
			);
			buildRules = (
			);
			dependencies = (
				DBCA39942C351E3700804928 /* PBXTargetDependency */,
			);
			name = "DEMO APPUITests";
			productName = "DEMO APPUITests";
			productReference = DBCA39922C351E3700804928 /* DEMO APPUITests.xctest */;
			productType = "com.apple.product-type.bundle.ui-testing";
		};
/* End PBXNativeTarget section */

/* Begin PBXProject section */
		DBCA39702C351E3400804928 /* Project object */ = {
			isa = PBXProject;
			attributes = {
				BuildIndependentTargetsInParallel = 1;
				LastSwiftUpdateCheck = 1530;
				LastUpgradeCheck = 1530;
				TargetAttributes = {
					DBCA39772C351E3400804928 = {
						CreatedOnToolsVersion = 15.3;
					};
					DBCA39872C351E3700804928 = {
						CreatedOnToolsVersion = 15.3;
						TestTargetID = DBCA39772C351E3400804928;
					};
					DBCA39912C351E3700804928 = {
						CreatedOnToolsVersion = 15.3;
						TestTargetID = DBCA39772C351E3400804928;
					};
				};
			};
			buildConfigurationList = DBCA39732C351E3400804928 /* Build configuration list for PBXProject "DEMO APP" */;
			compatibilityVersion = "Xcode 14.0";
			developmentRegion = en;
			hasScannedForEncodings = 0;
			knownRegions = (
				en,
				Base,
			);
			mainGroup = DBCA396F2C351E3400804928;
			packageReferences = (
				258AF45F2C370544005E3A46 /* XCRemoteSwiftPackageReference "firebase-ios-sdk" */,
			);
			productRefGroup = DBCA39792C351E3400804928 /* Products */;
			projectDirPath = "";
			projectRoot = "";
			targets = (
				DBCA39772C351E3400804928 /* DEMO APP */,
				DBCA39872C351E3700804928 /* DEMO APPTests */,
				DBCA39912C351E3700804928 /* DEMO APPUITests */,
			);
		};
/* End PBXProject section */

/* Begin PBXResourcesBuildPhase section */
		DBCA39762C351E3400804928 /* Resources */ = {
			isa = PBXResourcesBuildPhase;
			buildActionMask = 2147483647;
			files = (
				DBCA39802C351E3600804928 /* Assets.xcassets in Resources */,
				25AE03862C37EDC800B80DD1 /* GoogleService-Info.plist in Resources */,
			);
			runOnlyForDeploymentPostprocessing = 0;
		};
		DBCA39862C351E3700804928 /* Resources */ = {
			isa = PBXResourcesBuildPhase;
			buildActionMask = 2147483647;
			files = (
			);
			runOnlyForDeploymentPostprocessing = 0;
		};
		DBCA39902C351E3700804928 /* Resources */ = {
			isa = PBXResourcesBuildPhase;
			buildActionMask = 2147483647;
			files = (
			);
			runOnlyForDeploymentPostprocessing = 0;
		};
/* End PBXResourcesBuildPhase section */

/* Begin PBXSourcesBuildPhase section */
		DBCA39742C351E3400804928 /* Sources */ = {
			isa = PBXSourcesBuildPhase;
			buildActionMask = 2147483647;
			files = (
				B78F4E182C3BDB69007CF707 /* RequestView.swift in Sources */,
				B70C10482C3EE1B500042FDC /* AddDoctorView.swift in Sources */,
				DBCA397E2C351E3400804928 /* ContentView.swift in Sources */,
				B70C104A2C3EE22A00042FDC /* EditDoctorView.swift in Sources */,
				B78F4E162C3BDB57007CF707 /* AppointmentView.swift in Sources */,
				B78F4E262C3BECD8007CF707 /* AddPricing.swift in Sources */,
				B78F4E0B2C3BA927007CF707 /* DoctorView.swift in Sources */,
				B78F4E0D2C3BDAB7007CF707 /* Data Controller.swift in Sources */,
				B78F4E142C3BDB3F007CF707 /* PricingView.swift in Sources */,
				B70C10462C3EE19F00042FDC /* Extensions.swift in Sources */,
				B78F4E122C3BDB2A007CF707 /* RevenueView.swift in Sources */,
				B78F4E222C3BE2DE007CF707 /* forgotPassword.swift in Sources */,
				B78F4E1C2C3BDBC0007CF707 /* OverviewView.swift in Sources */,
				B70C10522C41BDB800042FDC /* PatientCardView.swift in Sources */,
				B70C10422C3EE16F00042FDC /* DoctorDetailView.swift in Sources */,
				DBCA397C2C351E3400804928 /* DEMO_APPApp.swift in Sources */,
				B78F4E082C3BA15A007CF707 /* Data Model.swift in Sources */,
				B78F4E202C3BE266007CF707 /* LoginMain.swift in Sources */,
				B78F4E1A2C3BDBAF007CF707 /* ProfileView.swift in Sources */,
				B78F4E282C3BECF5007CF707 /* EditPricing.swift in Sources */,
				B78F4E102C3BDB07007CF707 /* Patient.swift in Sources */,
				B70C10442C3EE18700042FDC /* DoctorCardView.swift in Sources */,
				B70C104C2C3EE24C00042FDC /* MultiSelectPicker.swift in Sources */,
			);
			runOnlyForDeploymentPostprocessing = 0;
		};
		DBCA39842C351E3700804928 /* Sources */ = {
			isa = PBXSourcesBuildPhase;
			buildActionMask = 2147483647;
			files = (
				DBCA398D2C351E3700804928 /* DEMO_APPTests.swift in Sources */,
			);
			runOnlyForDeploymentPostprocessing = 0;
		};
		DBCA398E2C351E3700804928 /* Sources */ = {
			isa = PBXSourcesBuildPhase;
			buildActionMask = 2147483647;
			files = (
				DBCA39992C351E3700804928 /* DEMO_APPUITestsLaunchTests.swift in Sources */,
				DBCA39972C351E3700804928 /* DEMO_APPUITests.swift in Sources */,
			);
			runOnlyForDeploymentPostprocessing = 0;
		};
/* End PBXSourcesBuildPhase section */

/* Begin PBXTargetDependency section */
		DBCA398A2C351E3700804928 /* PBXTargetDependency */ = {
			isa = PBXTargetDependency;
			target = DBCA39772C351E3400804928 /* DEMO APP */;
			targetProxy = DBCA39892C351E3700804928 /* PBXContainerItemProxy */;
		};
		DBCA39942C351E3700804928 /* PBXTargetDependency */ = {
			isa = PBXTargetDependency;
			target = DBCA39772C351E3400804928 /* DEMO APP */;
			targetProxy = DBCA39932C351E3700804928 /* PBXContainerItemProxy */;
		};
/* End PBXTargetDependency section */

/* Begin XCBuildConfiguration section */
		DBCA399A2C351E3700804928 /* Debug */ = {
			isa = XCBuildConfiguration;
			buildSettings = {
				ALWAYS_SEARCH_USER_PATHS = NO;
				ASSETCATALOG_COMPILER_GENERATE_SWIFT_ASSET_SYMBOL_EXTENSIONS = YES;
				CLANG_ANALYZER_NONNULL = YES;
				CLANG_ANALYZER_NUMBER_OBJECT_CONVERSION = YES_AGGRESSIVE;
				CLANG_CXX_LANGUAGE_STANDARD = "gnu++20";
				CLANG_ENABLE_MODULES = YES;
				CLANG_ENABLE_OBJC_ARC = YES;
				CLANG_ENABLE_OBJC_WEAK = YES;
				CLANG_WARN_BLOCK_CAPTURE_AUTORELEASING = YES;
				CLANG_WARN_BOOL_CONVERSION = YES;
				CLANG_WARN_COMMA = YES;
				CLANG_WARN_CONSTANT_CONVERSION = YES;
				CLANG_WARN_DEPRECATED_OBJC_IMPLEMENTATIONS = YES;
				CLANG_WARN_DIRECT_OBJC_ISA_USAGE = YES_ERROR;
				CLANG_WARN_DOCUMENTATION_COMMENTS = YES;
				CLANG_WARN_EMPTY_BODY = YES;
				CLANG_WARN_ENUM_CONVERSION = YES;
				CLANG_WARN_INFINITE_RECURSION = YES;
				CLANG_WARN_INT_CONVERSION = YES;
				CLANG_WARN_NON_LITERAL_NULL_CONVERSION = YES;
				CLANG_WARN_OBJC_IMPLICIT_RETAIN_SELF = YES;
				CLANG_WARN_OBJC_LITERAL_CONVERSION = YES;
				CLANG_WARN_OBJC_ROOT_CLASS = YES_ERROR;
				CLANG_WARN_QUOTED_INCLUDE_IN_FRAMEWORK_HEADER = YES;
				CLANG_WARN_RANGE_LOOP_ANALYSIS = YES;
				CLANG_WARN_STRICT_PROTOTYPES = YES;
				CLANG_WARN_SUSPICIOUS_MOVE = YES;
				CLANG_WARN_UNGUARDED_AVAILABILITY = YES_AGGRESSIVE;
				CLANG_WARN_UNREACHABLE_CODE = YES;
				CLANG_WARN__DUPLICATE_METHOD_MATCH = YES;
				COPY_PHASE_STRIP = NO;
				DEBUG_INFORMATION_FORMAT = dwarf;
				ENABLE_STRICT_OBJC_MSGSEND = YES;
				ENABLE_TESTABILITY = YES;
				ENABLE_USER_SCRIPT_SANDBOXING = YES;
				GCC_C_LANGUAGE_STANDARD = gnu17;
				GCC_DYNAMIC_NO_PIC = NO;
				GCC_NO_COMMON_BLOCKS = YES;
				GCC_OPTIMIZATION_LEVEL = 0;
				GCC_PREPROCESSOR_DEFINITIONS = (
					"DEBUG=1",
					"$(inherited)",
				);
				GCC_WARN_64_TO_32_BIT_CONVERSION = YES;
				GCC_WARN_ABOUT_RETURN_TYPE = YES_ERROR;
				GCC_WARN_UNDECLARED_SELECTOR = YES;
				GCC_WARN_UNINITIALIZED_AUTOS = YES_AGGRESSIVE;
				GCC_WARN_UNUSED_FUNCTION = YES;
				GCC_WARN_UNUSED_VARIABLE = YES;
				IPHONEOS_DEPLOYMENT_TARGET = 17.4;
				LOCALIZATION_PREFERS_STRING_CATALOGS = YES;
				MTL_ENABLE_DEBUG_INFO = INCLUDE_SOURCE;
				MTL_FAST_MATH = YES;
				ONLY_ACTIVE_ARCH = YES;
				SDKROOT = iphoneos;
				SWIFT_ACTIVE_COMPILATION_CONDITIONS = "DEBUG $(inherited)";
				SWIFT_OPTIMIZATION_LEVEL = "-Onone";
			};
			name = Debug;
		};
		DBCA399B2C351E3700804928 /* Release */ = {
			isa = XCBuildConfiguration;
			buildSettings = {
				ALWAYS_SEARCH_USER_PATHS = NO;
				ASSETCATALOG_COMPILER_GENERATE_SWIFT_ASSET_SYMBOL_EXTENSIONS = YES;
				CLANG_ANALYZER_NONNULL = YES;
				CLANG_ANALYZER_NUMBER_OBJECT_CONVERSION = YES_AGGRESSIVE;
				CLANG_CXX_LANGUAGE_STANDARD = "gnu++20";
				CLANG_ENABLE_MODULES = YES;
				CLANG_ENABLE_OBJC_ARC = YES;
				CLANG_ENABLE_OBJC_WEAK = YES;
				CLANG_WARN_BLOCK_CAPTURE_AUTORELEASING = YES;
				CLANG_WARN_BOOL_CONVERSION = YES;
				CLANG_WARN_COMMA = YES;
				CLANG_WARN_CONSTANT_CONVERSION = YES;
				CLANG_WARN_DEPRECATED_OBJC_IMPLEMENTATIONS = YES;
				CLANG_WARN_DIRECT_OBJC_ISA_USAGE = YES_ERROR;
				CLANG_WARN_DOCUMENTATION_COMMENTS = YES;
				CLANG_WARN_EMPTY_BODY = YES;
				CLANG_WARN_ENUM_CONVERSION = YES;
				CLANG_WARN_INFINITE_RECURSION = YES;
				CLANG_WARN_INT_CONVERSION = YES;
				CLANG_WARN_NON_LITERAL_NULL_CONVERSION = YES;
				CLANG_WARN_OBJC_IMPLICIT_RETAIN_SELF = YES;
				CLANG_WARN_OBJC_LITERAL_CONVERSION = YES;
				CLANG_WARN_OBJC_ROOT_CLASS = YES_ERROR;
				CLANG_WARN_QUOTED_INCLUDE_IN_FRAMEWORK_HEADER = YES;
				CLANG_WARN_RANGE_LOOP_ANALYSIS = YES;
				CLANG_WARN_STRICT_PROTOTYPES = YES;
				CLANG_WARN_SUSPICIOUS_MOVE = YES;
				CLANG_WARN_UNGUARDED_AVAILABILITY = YES_AGGRESSIVE;
				CLANG_WARN_UNREACHABLE_CODE = YES;
				CLANG_WARN__DUPLICATE_METHOD_MATCH = YES;
				COPY_PHASE_STRIP = NO;
				DEBUG_INFORMATION_FORMAT = "dwarf-with-dsym";
				ENABLE_NS_ASSERTIONS = NO;
				ENABLE_STRICT_OBJC_MSGSEND = YES;
				ENABLE_USER_SCRIPT_SANDBOXING = YES;
				GCC_C_LANGUAGE_STANDARD = gnu17;
				GCC_NO_COMMON_BLOCKS = YES;
				GCC_WARN_64_TO_32_BIT_CONVERSION = YES;
				GCC_WARN_ABOUT_RETURN_TYPE = YES_ERROR;
				GCC_WARN_UNDECLARED_SELECTOR = YES;
				GCC_WARN_UNINITIALIZED_AUTOS = YES_AGGRESSIVE;
				GCC_WARN_UNUSED_FUNCTION = YES;
				GCC_WARN_UNUSED_VARIABLE = YES;
				IPHONEOS_DEPLOYMENT_TARGET = 17.4;
				LOCALIZATION_PREFERS_STRING_CATALOGS = YES;
				MTL_ENABLE_DEBUG_INFO = NO;
				MTL_FAST_MATH = YES;
				SDKROOT = iphoneos;
				SWIFT_COMPILATION_MODE = wholemodule;
				VALIDATE_PRODUCT = YES;
			};
			name = Release;
		};
		DBCA399D2C351E3700804928 /* Debug */ = {
			isa = XCBuildConfiguration;
			buildSettings = {
				ASSETCATALOG_COMPILER_APPICON_NAME = AppIcon;
				ASSETCATALOG_COMPILER_GLOBAL_ACCENT_COLOR_NAME = AccentColor;
				CODE_SIGN_STYLE = Automatic;
				CURRENT_PROJECT_VERSION = 1;
				DEVELOPMENT_ASSET_PATHS = "\"DEMO APP/Preview Content\"";
				ENABLE_PREVIEWS = YES;
				GENERATE_INFOPLIST_FILE = YES;
				INFOPLIST_KEY_UIApplicationSceneManifest_Generation = YES;
				INFOPLIST_KEY_UIApplicationSupportsIndirectInputEvents = YES;
				INFOPLIST_KEY_UILaunchScreen_Generation = YES;
				INFOPLIST_KEY_UISupportedInterfaceOrientations_iPad = "UIInterfaceOrientationPortrait UIInterfaceOrientationPortraitUpsideDown UIInterfaceOrientationLandscapeLeft UIInterfaceOrientationLandscapeRight";
				INFOPLIST_KEY_UISupportedInterfaceOrientations_iPhone = "UIInterfaceOrientationPortrait UIInterfaceOrientationLandscapeLeft UIInterfaceOrientationLandscapeRight";
				IPHONEOS_DEPLOYMENT_TARGET = 16.0;
				LD_RUNPATH_SEARCH_PATHS = (
					"$(inherited)",
					"@executable_path/Frameworks",
				);
				MARKETING_VERSION = 1.0;
				PRODUCT_BUNDLE_IDENTIFIER = com.example.HMS;
				PRODUCT_NAME = "$(TARGET_NAME)";
				SUPPORTED_PLATFORMS = "iphoneos iphonesimulator";
				SUPPORTS_MACCATALYST = NO;
				SUPPORTS_MAC_DESIGNED_FOR_IPHONE_IPAD = NO;
				SUPPORTS_XR_DESIGNED_FOR_IPHONE_IPAD = NO;
				SWIFT_EMIT_LOC_STRINGS = YES;
				SWIFT_VERSION = 5.0;
				TARGETED_DEVICE_FAMILY = 2;
			};
			name = Debug;
		};
		DBCA399E2C351E3700804928 /* Release */ = {
			isa = XCBuildConfiguration;
			buildSettings = {
				ASSETCATALOG_COMPILER_APPICON_NAME = AppIcon;
				ASSETCATALOG_COMPILER_GLOBAL_ACCENT_COLOR_NAME = AccentColor;
				CODE_SIGN_STYLE = Automatic;
				CURRENT_PROJECT_VERSION = 1;
				DEVELOPMENT_ASSET_PATHS = "\"DEMO APP/Preview Content\"";
				ENABLE_PREVIEWS = YES;
				GENERATE_INFOPLIST_FILE = YES;
				INFOPLIST_KEY_UIApplicationSceneManifest_Generation = YES;
				INFOPLIST_KEY_UIApplicationSupportsIndirectInputEvents = YES;
				INFOPLIST_KEY_UILaunchScreen_Generation = YES;
				INFOPLIST_KEY_UISupportedInterfaceOrientations_iPad = "UIInterfaceOrientationPortrait UIInterfaceOrientationPortraitUpsideDown UIInterfaceOrientationLandscapeLeft UIInterfaceOrientationLandscapeRight";
				INFOPLIST_KEY_UISupportedInterfaceOrientations_iPhone = "UIInterfaceOrientationPortrait UIInterfaceOrientationLandscapeLeft UIInterfaceOrientationLandscapeRight";
				IPHONEOS_DEPLOYMENT_TARGET = 16.0;
				LD_RUNPATH_SEARCH_PATHS = (
					"$(inherited)",
					"@executable_path/Frameworks",
				);
				MARKETING_VERSION = 1.0;
				PRODUCT_BUNDLE_IDENTIFIER = com.example.HMS;
				PRODUCT_NAME = "$(TARGET_NAME)";
				SUPPORTED_PLATFORMS = "iphoneos iphonesimulator";
				SUPPORTS_MACCATALYST = NO;
				SUPPORTS_MAC_DESIGNED_FOR_IPHONE_IPAD = NO;
				SUPPORTS_XR_DESIGNED_FOR_IPHONE_IPAD = NO;
				SWIFT_EMIT_LOC_STRINGS = YES;
				SWIFT_VERSION = 5.0;
				TARGETED_DEVICE_FAMILY = 2;
			};
			name = Release;
		};
		DBCA39A02C351E3700804928 /* Debug */ = {
			isa = XCBuildConfiguration;
			buildSettings = {
				ALWAYS_EMBED_SWIFT_STANDARD_LIBRARIES = YES;
				BUNDLE_LOADER = "$(TEST_HOST)";
				CODE_SIGN_STYLE = Automatic;
				CURRENT_PROJECT_VERSION = 1;
				GENERATE_INFOPLIST_FILE = YES;
				IPHONEOS_DEPLOYMENT_TARGET = 17.4;
				MARKETING_VERSION = 1.0;
				PRODUCT_BUNDLE_IDENTIFIER = "M.DEMO-APPTests";
				PRODUCT_NAME = "$(TARGET_NAME)";
				SWIFT_EMIT_LOC_STRINGS = NO;
				SWIFT_VERSION = 5.0;
				TARGETED_DEVICE_FAMILY = "1,2";
				TEST_HOST = "$(BUILT_PRODUCTS_DIR)/DEMO APP.app/$(BUNDLE_EXECUTABLE_FOLDER_PATH)/DEMO APP";
			};
			name = Debug;
		};
		DBCA39A12C351E3700804928 /* Release */ = {
			isa = XCBuildConfiguration;
			buildSettings = {
				ALWAYS_EMBED_SWIFT_STANDARD_LIBRARIES = YES;
				BUNDLE_LOADER = "$(TEST_HOST)";
				CODE_SIGN_STYLE = Automatic;
				CURRENT_PROJECT_VERSION = 1;
				GENERATE_INFOPLIST_FILE = YES;
				IPHONEOS_DEPLOYMENT_TARGET = 17.4;
				MARKETING_VERSION = 1.0;
				PRODUCT_BUNDLE_IDENTIFIER = "M.DEMO-APPTests";
				PRODUCT_NAME = "$(TARGET_NAME)";
				SWIFT_EMIT_LOC_STRINGS = NO;
				SWIFT_VERSION = 5.0;
				TARGETED_DEVICE_FAMILY = "1,2";
				TEST_HOST = "$(BUILT_PRODUCTS_DIR)/DEMO APP.app/$(BUNDLE_EXECUTABLE_FOLDER_PATH)/DEMO APP";
			};
			name = Release;
		};
		DBCA39A32C351E3700804928 /* Debug */ = {
			isa = XCBuildConfiguration;
			buildSettings = {
				ALWAYS_EMBED_SWIFT_STANDARD_LIBRARIES = YES;
				CODE_SIGN_STYLE = Automatic;
				CURRENT_PROJECT_VERSION = 1;
				GENERATE_INFOPLIST_FILE = YES;
				MARKETING_VERSION = 1.0;
				PRODUCT_BUNDLE_IDENTIFIER = "M.DEMO-APPUITests";
				PRODUCT_NAME = "$(TARGET_NAME)";
				SWIFT_EMIT_LOC_STRINGS = NO;
				SWIFT_VERSION = 5.0;
				TARGETED_DEVICE_FAMILY = "1,2";
				TEST_TARGET_NAME = "DEMO APP";
			};
			name = Debug;
		};
		DBCA39A42C351E3700804928 /* Release */ = {
			isa = XCBuildConfiguration;
			buildSettings = {
				ALWAYS_EMBED_SWIFT_STANDARD_LIBRARIES = YES;
				CODE_SIGN_STYLE = Automatic;
				CURRENT_PROJECT_VERSION = 1;
				GENERATE_INFOPLIST_FILE = YES;
				MARKETING_VERSION = 1.0;
				PRODUCT_BUNDLE_IDENTIFIER = "M.DEMO-APPUITests";
				PRODUCT_NAME = "$(TARGET_NAME)";
				SWIFT_EMIT_LOC_STRINGS = NO;
				SWIFT_VERSION = 5.0;
				TARGETED_DEVICE_FAMILY = "1,2";
				TEST_TARGET_NAME = "DEMO APP";
			};
			name = Release;
		};
/* End XCBuildConfiguration section */

/* Begin XCConfigurationList section */
		DBCA39732C351E3400804928 /* Build configuration list for PBXProject "DEMO APP" */ = {
			isa = XCConfigurationList;
			buildConfigurations = (
				DBCA399A2C351E3700804928 /* Debug */,
				DBCA399B2C351E3700804928 /* Release */,
			);
			defaultConfigurationIsVisible = 0;
			defaultConfigurationName = Release;
		};
		DBCA399C2C351E3700804928 /* Build configuration list for PBXNativeTarget "DEMO APP" */ = {
			isa = XCConfigurationList;
			buildConfigurations = (
				DBCA399D2C351E3700804928 /* Debug */,
				DBCA399E2C351E3700804928 /* Release */,
			);
			defaultConfigurationIsVisible = 0;
			defaultConfigurationName = Release;
		};
		DBCA399F2C351E3700804928 /* Build configuration list for PBXNativeTarget "DEMO APPTests" */ = {
			isa = XCConfigurationList;
			buildConfigurations = (
				DBCA39A02C351E3700804928 /* Debug */,
				DBCA39A12C351E3700804928 /* Release */,
			);
			defaultConfigurationIsVisible = 0;
			defaultConfigurationName = Release;
		};
		DBCA39A22C351E3700804928 /* Build configuration list for PBXNativeTarget "DEMO APPUITests" */ = {
			isa = XCConfigurationList;
			buildConfigurations = (
				DBCA39A32C351E3700804928 /* Debug */,
				DBCA39A42C351E3700804928 /* Release */,
			);
			defaultConfigurationIsVisible = 0;
			defaultConfigurationName = Release;
		};
/* End XCConfigurationList section */

/* Begin XCRemoteSwiftPackageReference section */
		258AF45F2C370544005E3A46 /* XCRemoteSwiftPackageReference "firebase-ios-sdk" */ = {
			isa = XCRemoteSwiftPackageReference;
			repositoryURL = "https://github.com/firebase/firebase-ios-sdk.git";
			requirement = {
				kind = upToNextMajorVersion;
				minimumVersion = 10.28.1;
			};
		};
/* End XCRemoteSwiftPackageReference section */

/* Begin XCSwiftPackageProductDependency section */
		258AF4602C370544005E3A46 /* FirebaseAuth */ = {
			isa = XCSwiftPackageProductDependency;
			package = 258AF45F2C370544005E3A46 /* XCRemoteSwiftPackageReference "firebase-ios-sdk" */;
			productName = FirebaseAuth;
		};
		258AF4622C370544005E3A46 /* FirebaseFirestore */ = {
			isa = XCSwiftPackageProductDependency;
			package = 258AF45F2C370544005E3A46 /* XCRemoteSwiftPackageReference "firebase-ios-sdk" */;
			productName = FirebaseFirestore;
		};
		258AF4642C370544005E3A46 /* FirebaseFirestoreSwift */ = {
			isa = XCSwiftPackageProductDependency;
			package = 258AF45F2C370544005E3A46 /* XCRemoteSwiftPackageReference "firebase-ios-sdk" */;
			productName = FirebaseFirestoreSwift;
		};
		258AF4662C370544005E3A46 /* FirebaseStorage */ = {
			isa = XCSwiftPackageProductDependency;
			package = 258AF45F2C370544005E3A46 /* XCRemoteSwiftPackageReference "firebase-ios-sdk" */;
			productName = FirebaseStorage;
		};
/* End XCSwiftPackageProductDependency section */
	};
	rootObject = DBCA39702C351E3400804928 /* Project object */;
}
